
Microsoft Visual Studio Solution File, Format Version 12.00
# Visual Studio Version 17
VisualStudioVersion = 17.8.34511.84
MinimumVisualStudioVersion = 10.0.40219.1
Project("{FAE04EC0-301F-11D3-BF4B-00C04F79EFBC}") = "WebBanHangLapTop", "WebBanHangLapTop\WebBanHangLapTop.csproj", "{C9FFDB23-1319-49CE-9E98-68DA6FC22EE0}"
EndProject
Global
	GlobalSection(SolutionConfigurationPlatforms) = preSolution
		Debug|Any CPU = Debug|Any CPU
		Release|Any CPU = Release|Any CPU
	EndGlobalSection
	GlobalSection(ProjectConfigurationPlatforms) = postSolution
		{C9FFDB23-1319-49CE-9E98-68DA6FC22EE0}.Debug|Any CPU.ActiveCfg = Debug|Any CPU
		{C9FFDB23-1319-49CE-9E98-68DA6FC22EE0}.Debug|Any CPU.Build.0 = Debug|Any CPU
		{C9FFDB23-1319-49CE-9E98-68DA6FC22EE0}.Release|Any CPU.ActiveCfg = Release|Any CPU
		{C9FFDB23-1319-49CE-9E98-68DA6FC22EE0}.Release|Any CPU.Build.0 = Release|Any CPU
	EndGlobalSection
	GlobalSection(SolutionProperties) = preSolution
		HideSolutionNode = FALSE
	EndGlobalSection
	GlobalSection(ExtensibilityGlobals) = postSolution
		SolutionGuid = {55E9A919-5084-4D4E-997A-F76E016A6636}
	EndGlobalSection
EndGlobal
